Microsoft Visual Studio Solution File, Format Version 12.00
# Visual Studio 2012
Project("{FAE04EC0-301F-11D3-BF4B-00C04F79EFBC}") = "desktop-pet", "desktop-pet.csproj", "{D3296E39-2363-4D3D-B0C2-5222D1941F77}"
EndProject
Global
	GlobalSection(SolutionConfigurationPlatforms) = preSolution
	Debug|Any CPU = Debug|Any CPU
	ExportDebug|Any CPU = ExportDebug|Any CPU
	ExportRelease|Any CPU = ExportRelease|Any CPU
	EndGlobalSection
	GlobalSection(ProjectConfigurationPlatforms) = postSolution
		{D3296E39-2363-4D3D-B0C2-5222D1941F77}.Debug|Any CPU.ActiveCfg = Debug|Any CPU
		{D3296E39-2363-4D3D-B0C2-5222D1941F77}.Debug|Any CPU.Build.0 = Debug|Any CPU
		{D3296E39-2363-4D3D-B0C2-5222D1941F77}.ExportDebug|Any CPU.ActiveCfg = ExportDebug|Any CPU
		{D3296E39-2363-4D3D-B0C2-5222D1941F77}.ExportDebug|Any CPU.Build.0 = ExportDebug|Any CPU
		{D3296E39-2363-4D3D-B0C2-5222D1941F77}.ExportRelease|Any CPU.ActiveCfg = ExportRelease|Any CPU
		{D3296E39-2363-4D3D-B0C2-5222D1941F77}.ExportRelease|Any CPU.Build.0 = ExportRelease|Any CPU
	EndGlobalSection
EndGlobal
